
Microsoft Visual Studio Solution File, Format Version 12.00
# Visual Studio Version 16
VisualStudioVersion = 16.0.31624.102
MinimumVisualStudioVersion = 10.0.40219.1
Project("{8BC9CEB8-8B4A-11D0-8D11-00A0C91BC942}") = "task3", "task3\task3.vcxproj", "{99835589-3961-4159-8B19-38EB3A1D053D}"
EndProject
Global
	GlobalSection(SolutionConfigurationPlatforms) = preSolution
		Debug|x64 = Debug|x64
		Debug|x86 = Debug|x86
		Release|x64 = Release|x64
		Release|x86 = Release|x86
	EndGlobalSection
	GlobalSection(ProjectConfigurationPlatforms) = postSolution
		{99835589-3961-4159-8B19-38EB3A1D053D}.Debug|x64.ActiveCfg = Debug|x64
		{99835589-3961-4159-8B19-38EB3A1D053D}.Debug|x64.Build.0 = Debug|x64
		{99835589-3961-4159-8B19-38EB3A1D053D}.Debug|x86.ActiveCfg = Debug|Win32
		{99835589-3961-4159-8B19-38EB3A1D053D}.Debug|x86.Build.0 = Debug|Win32
		{99835589-3961-4159-8B19-38EB3A1D053D}.Release|x64.ActiveCfg = Release|x64
		{99835589-3961-4159-8B19-38EB3A1D053D}.Release|x64.Build.0 = Release|x64
		{99835589-3961-4159-8B19-38EB3A1D053D}.Release|x86.ActiveCfg = Release|Win32
		{99835589-3961-4159-8B19-38EB3A1D053D}.Release|x86.Build.0 = Release|Win32
	EndGlobalSection
	GlobalSection(SolutionProperties) = preSolution
		HideSolutionNode = FALSE
	EndGlobalSection
	GlobalSection(ExtensibilityGlobals) = postSolution
		SolutionGuid = {DA02190E-598D-4294-ADF5-3671C595A71A}
	EndGlobalSection
EndGlobal
